
Microsoft Visual Studio Solution File, Format Version 12.00
# Visual Studio Version 17
VisualStudioVersion = 17.3.32804.467
MinimumVisualStudioVersion = 10.0.40219.1
Project("{9A19103F-16F7-4668-BE54-9A1E7A4F7556}") = "WebAppDETAug2022", "WebAppDETAug2022\WebAppDETAug2022.csproj", "{273013F2-D99F-40CE-B209-19B2CD5C99E7}"
EndProject
Project("{9A19103F-16F7-4668-BE54-9A1E7A4F7556}") = "MVCDemo", "MVCDemo\MVCDemo.csproj", "{AE1D3908-1D87-495F-82C8-A7F0A364F635}"
EndProject
Project("{9A19103F-16F7-4668-BE54-9A1E7A4F7556}") = "ContosoUniversity", "ContosoUniversity\ContosoUniversity.csproj", "{EED594A6-2FDF-48FF-B888-7B310699F2F9}"
EndProject
Project("{9A19103F-16F7-4668-BE54-9A1E7A4F7556}") = "APIDemo", "APIDemo\APIDemo.csproj", "{766A28F7-4C29-40D2-A5E2-94048DB06EAD}"
EndProject
Project("{9A19103F-16F7-4668-BE54-9A1E7A4F7556}") = "ConsoleAppClient", "ConsoleAppClient\ConsoleAppClient.csproj", "{D7DD046D-9885-4108-94FD-3E86A63A045B}"
EndProject
Project("{9A19103F-16F7-4668-BE54-9A1E7A4F7556}") = "TodoApi", "TodoApi\TodoApi.csproj", "{A1B22E19-D6B2-465F-997B-D35D69602393}"
EndProject
Project("{9A19103F-16F7-4668-BE54-9A1E7A4F7556}") = "Bank", "Bank\Bank.csproj", "{B1C011F2-370E-41C3-B256-60C23FA0CB74}"
EndProject
Project("{9A19103F-16F7-4668-BE54-9A1E7A4F7556}") = "TestProject_Pizza", "TestProject_Pizza\TestProject_Pizza.csproj", "{ACF3DEB0-5E8E-4D89-9FAF-4ED7E98FCA2F}"
EndProject
Project("{9A19103F-16F7-4668-BE54-9A1E7A4F7556}") = "TDDDemo", "TDDDemo\TDDDemo.csproj", "{1C089290-FE50-4905-A163-AD20A3978CE6}"
EndProject
Project("{FAE04EC0-301F-11D3-BF4B-00C04F79EFBC}") = "LibraryAPI", "LibraryAPI\LibraryAPI.csproj", "{D9D4B2FA-899D-40BE-AC4D-C995CF0874B7}"
EndProject
Project("{FAE04EC0-301F-11D3-BF4B-00C04F79EFBC}") = "BooksControllerTest", "BooksControllerTest\BooksControllerTest.csproj", "{5C08914E-738C-4DBE-95FF-08EF8C357ABC}"
EndProject
Project("{FAE04EC0-301F-11D3-BF4B-00C04F79EFBC}") = "BankTests", "BankTests\BankTests.csproj", "{503DCDA3-0D2C-426F-B6A9-DDD7B4FA2E5F}"
EndProject
Global
	GlobalSection(SolutionConfigurationPlatforms) = preSolution
		Debug|Any CPU = Debug|Any CPU
		Release|Any CPU = Release|Any CPU
	EndGlobalSection
	GlobalSection(ProjectConfigurationPlatforms) = postSolution
		{273013F2-D99F-40CE-B209-19B2CD5C99E7}.Debug|Any CPU.ActiveCfg = Debug|Any CPU
		{273013F2-D99F-40CE-B209-19B2CD5C99E7}.Debug|Any CPU.Build.0 = Debug|Any CPU
		{273013F2-D99F-40CE-B209-19B2CD5C99E7}.Release|Any CPU.ActiveCfg = Release|Any CPU
		{273013F2-D99F-40CE-B209-19B2CD5C99E7}.Release|Any CPU.Build.0 = Release|Any CPU
		{AE1D3908-1D87-495F-82C8-A7F0A364F635}.Debug|Any CPU.ActiveCfg = Debug|Any CPU
		{AE1D3908-1D87-495F-82C8-A7F0A364F635}.Debug|Any CPU.Build.0 = Debug|Any CPU
		{AE1D3908-1D87-495F-82C8-A7F0A364F635}.Release|Any CPU.ActiveCfg = Release|Any CPU
		{AE1D3908-1D87-495F-82C8-A7F0A364F635}.Release|Any CPU.Build.0 = Release|Any CPU
		{EED594A6-2FDF-48FF-B888-7B310699F2F9}.Debug|Any CPU.ActiveCfg = Debug|Any CPU
		{EED594A6-2FDF-48FF-B888-7B310699F2F9}.Debug|Any CPU.Build.0 = Debug|Any CPU
		{EED594A6-2FDF-48FF-B888-7B310699F2F9}.Release|Any CPU.ActiveCfg = Release|Any CPU
		{EED594A6-2FDF-48FF-B888-7B310699F2F9}.Release|Any CPU.Build.0 = Release|Any CPU
		{766A28F7-4C29-40D2-A5E2-94048DB06EAD}.Debug|Any CPU.ActiveCfg = Debug|Any CPU
		{766A28F7-4C29-40D2-A5E2-94048DB06EAD}.Debug|Any CPU.Build.0 = Debug|Any CPU
		{766A28F7-4C29-40D2-A5E2-94048DB06EAD}.Release|Any CPU.ActiveCfg = Release|Any CPU
		{766A28F7-4C29-40D2-A5E2-94048DB06EAD}.Release|Any CPU.Build.0 = Release|Any CPU
		{D7DD046D-9885-4108-94FD-3E86A63A045B}.Debug|Any CPU.ActiveCfg = Debug|Any CPU
		{D7DD046D-9885-4108-94FD-3E86A63A045B}.Debug|Any CPU.Build.0 = Debug|Any CPU
		{D7DD046D-9885-4108-94FD-3E86A63A045B}.Release|Any CPU.ActiveCfg = Release|Any CPU
		{D7DD046D-9885-4108-94FD-3E86A63A045B}.Release|Any CPU.Build.0 = Release|Any CPU
		{A1B22E19-D6B2-465F-997B-D35D69602393}.Debug|Any CPU.ActiveCfg = Debug|Any CPU
		{A1B22E19-D6B2-465F-997B-D35D69602393}.Debug|Any CPU.Build.0 = Debug|Any CPU
		{A1B22E19-D6B2-465F-997B-D35D69602393}.Release|Any CPU.ActiveCfg = Release|Any CPU
		{A1B22E19-D6B2-465F-997B-D35D69602393}.Release|Any CPU.Build.0 = Release|Any CPU
		{B1C011F2-370E-41C3-B256-60C23FA0CB74}.Debug|Any CPU.ActiveCfg = Debug|Any CPU
		{B1C011F2-370E-41C3-B256-60C23FA0CB74}.Debug|Any CPU.Build.0 = Debug|Any CPU
		{B1C011F2-370E-41C3-B256-60C23FA0CB74}.Release|Any CPU.ActiveCfg = Release|Any CPU
		{B1C011F2-370E-41C3-B256-60C23FA0CB74}.Release|Any CPU.Build.0 = Release|Any CPU
		{ACF3DEB0-5E8E-4D89-9FAF-4ED7E98FCA2F}.Debug|Any CPU.ActiveCfg = Debug|Any CPU
		{ACF3DEB0-5E8E-4D89-9FAF-4ED7E98FCA2F}.Debug|Any CPU.Build.0 = Debug|Any CPU
		{ACF3DEB0-5E8E-4D89-9FAF-4ED7E98FCA2F}.Release|Any CPU.ActiveCfg = Release|Any CPU
		{ACF3DEB0-5E8E-4D89-9FAF-4ED7E98FCA2F}.Release|Any CPU.Build.0 = Release|Any CPU
		{1C089290-FE50-4905-A163-AD20A3978CE6}.Debug|Any CPU.ActiveCfg = Debug|Any CPU
		{1C089290-FE50-4905-A163-AD20A3978CE6}.Debug|Any CPU.Build.0 = Debug|Any CPU
		{1C089290-FE50-4905-A163-AD20A3978CE6}.Release|Any CPU.ActiveCfg = Release|Any CPU
		{1C089290-FE50-4905-A163-AD20A3978CE6}.Release|Any CPU.Build.0 = Release|Any CPU
		{D9D4B2FA-899D-40BE-AC4D-C995CF0874B7}.Debug|Any CPU.ActiveCfg = Debug|Any CPU
		{D9D4B2FA-899D-40BE-AC4D-C995CF0874B7}.Debug|Any CPU.Build.0 = Debug|Any CPU
		{D9D4B2FA-899D-40BE-AC4D-C995CF0874B7}.Release|Any CPU.ActiveCfg = Release|Any CPU
		{D9D4B2FA-899D-40BE-AC4D-C995CF0874B7}.Release|Any CPU.Build.0 = Release|Any CPU
		{5C08914E-738C-4DBE-95FF-08EF8C357ABC}.Debug|Any CPU.ActiveCfg = Debug|Any CPU
		{5C08914E-738C-4DBE-95FF-08EF8C357ABC}.Debug|Any CPU.Build.0 = Debug|Any CPU
		{5C08914E-738C-4DBE-95FF-08EF8C357ABC}.Release|Any CPU.ActiveCfg = Release|Any CPU
		{5C08914E-738C-4DBE-95FF-08EF8C357ABC}.Release|Any CPU.Build.0 = Release|Any CPU
		{503DCDA3-0D2C-426F-B6A9-DDD7B4FA2E5F}.Debug|Any CPU.ActiveCfg = Debug|Any CPU
		{503DCDA3-0D2C-426F-B6A9-DDD7B4FA2E5F}.Debug|Any CPU.Build.0 = Debug|Any CPU
		{503DCDA3-0D2C-426F-B6A9-DDD7B4FA2E5F}.Release|Any CPU.ActiveCfg = Release|Any CPU
		{503DCDA3-0D2C-426F-B6A9-DDD7B4FA2E5F}.Release|Any CPU.Build.0 = Release|Any CPU
	EndGlobalSection
	GlobalSection(SolutionProperties) = preSolution
		HideSolutionNode = FALSE
	EndGlobalSection
	GlobalSection(ExtensibilityGlobals) = postSolution
		SolutionGuid = {C1EE5C67-E980-4405-A056-B19D6D1A2170}
	EndGlobalSection
EndGlobal
